
Microsoft Visual Studio Solution File, Format Version 12.00
# Visual Studio Version 17
VisualStudioVersion = 17.12.35527.113
MinimumVisualStudioVersion = 10.0.40219.1
Project("{FAE04EC0-301F-11D3-BF4B-00C04F79EFBC}") = "AgenticAI.Assistant", "AgenticAI.Assistant\AgenticAI.Assistant.csproj", "{FDD20578-F306-4FD4-9D24-2EA21B224EB9}"
EndProject
Project("{FAE04EC0-301F-11D3-BF4B-00C04F79EFBC}") = "AgenticAI.Tests", "AgenticAI.Tests\AgenticAI.Tests.csproj", "{BE5D499B-5746-4575-8433-73C817855DD2}"
EndProject
Project("{FAE04EC0-301F-11D3-BF4B-00C04F79EFBC}") = "AgenticAI.Assistant.Flight", "AgenticAI.Assistant.Flight\AgenticAI.Assistant.Flight.csproj", "{9E1D311C-E442-4F14-9BF1-8420450F79C3}"
EndProject
Project("{FAE04EC0-301F-11D3-BF4B-00C04F79EFBC}") = "AgenticAI.Assistant.Parent", "AgenticAI.Assistant.Parent\AgenticAI.Assistant.Parent.csproj", "{36B3D00E-1ADE-4FFF-9061-A017FA371ED9}"
EndProject
Project("{FAE04EC0-301F-11D3-BF4B-00C04F79EFBC}") = "AgenticAI.Assistant.Weather", "AgenticAI.Assistant.Weather\AgenticAI.Assistant.Weather.csproj", "{5A9B3DE8-8EAB-435C-AF7C-088AEA8DB015}"
EndProject
Project("{2150E333-8FDC-42A3-9474-1A3956D46DE8}") = "Agents", "Agents", "{A310AFD8-E541-4693-A592-F9ADDAC34ABA}"
EndProject
Global
	GlobalSection(SolutionConfigurationPlatforms) = preSolution
		Debug|Any CPU = Debug|Any CPU
		Release|Any CPU = Release|Any CPU
	EndGlobalSection
	GlobalSection(ProjectConfigurationPlatforms) = postSolution
		{FDD20578-F306-4FD4-9D24-2EA21B224EB9}.Debug|Any CPU.ActiveCfg = Debug|Any CPU
		{FDD20578-F306-4FD4-9D24-2EA21B224EB9}.Debug|Any CPU.Build.0 = Debug|Any CPU
		{FDD20578-F306-4FD4-9D24-2EA21B224EB9}.Release|Any CPU.ActiveCfg = Release|Any CPU
		{FDD20578-F306-4FD4-9D24-2EA21B224EB9}.Release|Any CPU.Build.0 = Release|Any CPU
		{BE5D499B-5746-4575-8433-73C817855DD2}.Debug|Any CPU.ActiveCfg = Debug|Any CPU
		{BE5D499B-5746-4575-8433-73C817855DD2}.Debug|Any CPU.Build.0 = Debug|Any CPU
		{BE5D499B-5746-4575-8433-73C817855DD2}.Release|Any CPU.ActiveCfg = Release|Any CPU
		{BE5D499B-5746-4575-8433-73C817855DD2}.Release|Any CPU.Build.0 = Release|Any CPU
		{9E1D311C-E442-4F14-9BF1-8420450F79C3}.Debug|Any CPU.ActiveCfg = Debug|Any CPU
		{9E1D311C-E442-4F14-9BF1-8420450F79C3}.Debug|Any CPU.Build.0 = Debug|Any CPU
		{9E1D311C-E442-4F14-9BF1-8420450F79C3}.Release|Any CPU.ActiveCfg = Release|Any CPU
		{9E1D311C-E442-4F14-9BF1-8420450F79C3}.Release|Any CPU.Build.0 = Release|Any CPU
		{36B3D00E-1ADE-4FFF-9061-A017FA371ED9}.Debug|Any CPU.ActiveCfg = Debug|Any CPU
		{36B3D00E-1ADE-4FFF-9061-A017FA371ED9}.Debug|Any CPU.Build.0 = Debug|Any CPU
		{36B3D00E-1ADE-4FFF-9061-A017FA371ED9}.Release|Any CPU.ActiveCfg = Release|Any CPU
		{36B3D00E-1ADE-4FFF-9061-A017FA371ED9}.Release|Any CPU.Build.0 = Release|Any CPU
		{5A9B3DE8-8EAB-435C-AF7C-088AEA8DB015}.Debug|Any CPU.ActiveCfg = Debug|Any CPU
		{5A9B3DE8-8EAB-435C-AF7C-088AEA8DB015}.Debug|Any CPU.Build.0 = Debug|Any CPU
		{5A9B3DE8-8EAB-435C-AF7C-088AEA8DB015}.Release|Any CPU.ActiveCfg = Release|Any CPU
		{5A9B3DE8-8EAB-435C-AF7C-088AEA8DB015}.Release|Any CPU.Build.0 = Release|Any CPU
	EndGlobalSection
	GlobalSection(SolutionProperties) = preSolution
		HideSolutionNode = FALSE
	EndGlobalSection
	GlobalSection(NestedProjects) = preSolution
		{9E1D311C-E442-4F14-9BF1-8420450F79C3} = {A310AFD8-E541-4693-A592-F9ADDAC34ABA}
		{36B3D00E-1ADE-4FFF-9061-A017FA371ED9} = {A310AFD8-E541-4693-A592-F9ADDAC34ABA}
		{5A9B3DE8-8EAB-435C-AF7C-088AEA8DB015} = {A310AFD8-E541-4693-A592-F9ADDAC34ABA}
	EndGlobalSection
EndGlobal
